Microsoft Visual Studio Solution File, Format Version 12.00
# Visual Studio 14
Project("{2150E333-8FDC-42A3-9474-1A3956D46DE8}") = "CMakePredefinedTargets", "CMakePredefinedTargets", "{2C4E6F9B-8E8A-37FE-AD10-86A3CB0CC0A8}"
EndProject
Project("{2150E333-8FDC-42A3-9474-1A3956D46DE8}") = "_meta", "_meta", "{ED757C4E-D3FE-35DB-A60C-C9FE8CFC4CB7}"
EndProject
Project("{2150E333-8FDC-42A3-9474-1A3956D46DE8}") = "libs", "libs", "{1643B5D1-EF7C-3076-A516-B911DAE81BB8}"
EndProject
Project("{2150E333-8FDC-42A3-9474-1A3956D46DE8}") = "tests", "tests", "{13176F4E-B30E-36DF-8E1C-9531CA925446}"
EndProject
Project("{8BC9CEB8-8B4A-11D0-8D11-00A0C91BC942}") = "ALL_BUILD", "build/Win64/ALL_BUILD.vcxproj", "{383A15E7-A3C1-38BC-AC75-24BB7CFF7507}"
	ProjectSection(ProjectDependencies) = postProject
		{BF6DA0B5-B660-3658-8C70-E1D7229E932D} = {BF6DA0B5-B660-3658-8C70-E1D7229E932D}
		{B1232C46-4035-3AF5-A3BE-074E8C1E51FD} = {B1232C46-4035-3AF5-A3BE-074E8C1E51FD}
		{628D62F7-EE0F-3EB7-92DE-731813D030C8} = {628D62F7-EE0F-3EB7-92DE-731813D030C8}
	EndProjectSection
EndProject
Project("{8BC9CEB8-8B4A-11D0-8D11-00A0C91BC942}") = "INSTALL", "build/Win64/INSTALL.vcxproj", "{B2F80E88-C01E-3580-83B0-80F8D5DC40C6}"
	ProjectSection(ProjectDependencies) = postProject
		{383A15E7-A3C1-38BC-AC75-24BB7CFF7507} = {383A15E7-A3C1-38BC-AC75-24BB7CFF7507}
		{BF6DA0B5-B660-3658-8C70-E1D7229E932D} = {BF6DA0B5-B660-3658-8C70-E1D7229E932D}
	EndProjectSection
EndProject
Project("{8BC9CEB8-8B4A-11D0-8D11-00A0C91BC942}") = "RUN_TESTS", "build/Win64/RUN_TESTS.vcxproj", "{BFBED37B-1E94-315A-85E9-2BE048D05D1E}"
	ProjectSection(ProjectDependencies) = postProject
		{BF6DA0B5-B660-3658-8C70-E1D7229E932D} = {BF6DA0B5-B660-3658-8C70-E1D7229E932D}
	EndProjectSection
EndProject
Project("{8BC9CEB8-8B4A-11D0-8D11-00A0C91BC942}") = "ZERO_CHECK", "build/Win64/ZERO_CHECK.vcxproj", "{BF6DA0B5-B660-3658-8C70-E1D7229E932D}"
	ProjectSection(ProjectDependencies) = postProject
	EndProjectSection
EndProject
Project("{8BC9CEB8-8B4A-11D0-8D11-00A0C91BC942}") = "_meta", "build/Win64/_meta.vcxproj", "{5BB7BC0D-F7D2-34D9-9A3B-E2581779D87E}"
	ProjectSection(ProjectDependencies) = postProject
		{BF6DA0B5-B660-3658-8C70-E1D7229E932D} = {BF6DA0B5-B660-3658-8C70-E1D7229E932D}
	EndProjectSection
EndProject
Project("{8BC9CEB8-8B4A-11D0-8D11-00A0C91BC942}") = "cli", "build/Win64/cli.vcxproj", "{B1232C46-4035-3AF5-A3BE-074E8C1E51FD}"
	ProjectSection(ProjectDependencies) = postProject
		{BF6DA0B5-B660-3658-8C70-E1D7229E932D} = {BF6DA0B5-B660-3658-8C70-E1D7229E932D}
		{628D62F7-EE0F-3EB7-92DE-731813D030C8} = {628D62F7-EE0F-3EB7-92DE-731813D030C8}
	EndProjectSection
EndProject
Project("{8BC9CEB8-8B4A-11D0-8D11-00A0C91BC942}") = "dimcli", "build/Win64/dimcli.vcxproj", "{628D62F7-EE0F-3EB7-92DE-731813D030C8}"
	ProjectSection(ProjectDependencies) = postProject
		{BF6DA0B5-B660-3658-8C70-E1D7229E932D} = {BF6DA0B5-B660-3658-8C70-E1D7229E932D}
	EndProjectSection
EndProject
Global
	GlobalSection(SolutionConfigurationPlatforms) = preSolution
		Debug|x64 = Debug|x64
		Release|x64 = Release|x64
	EndGlobalSection
	GlobalSection(ProjectConfigurationPlatforms) = postSolution
		{383A15E7-A3C1-38BC-AC75-24BB7CFF7507}.Debug|x64.ActiveCfg = Debug|x64
		{383A15E7-A3C1-38BC-AC75-24BB7CFF7507}.Debug|x64.Build.0 = Debug|x64
		{383A15E7-A3C1-38BC-AC75-24BB7CFF7507}.Release|x64.ActiveCfg = Release|x64
		{383A15E7-A3C1-38BC-AC75-24BB7CFF7507}.Release|x64.Build.0 = Release|x64
		{B2F80E88-C01E-3580-83B0-80F8D5DC40C6}.Debug|x64.ActiveCfg = Debug|x64
		{B2F80E88-C01E-3580-83B0-80F8D5DC40C6}.Release|x64.ActiveCfg = Release|x64
		{BFBED37B-1E94-315A-85E9-2BE048D05D1E}.Debug|x64.ActiveCfg = Debug|x64
		{BFBED37B-1E94-315A-85E9-2BE048D05D1E}.Release|x64.ActiveCfg = Release|x64
		{BF6DA0B5-B660-3658-8C70-E1D7229E932D}.Debug|x64.ActiveCfg = Debug|x64
		{BF6DA0B5-B660-3658-8C70-E1D7229E932D}.Debug|x64.Build.0 = Debug|x64
		{BF6DA0B5-B660-3658-8C70-E1D7229E932D}.Release|x64.ActiveCfg = Release|x64
		{BF6DA0B5-B660-3658-8C70-E1D7229E932D}.Release|x64.Build.0 = Release|x64
		{5BB7BC0D-F7D2-34D9-9A3B-E2581779D87E}.Debug|x64.ActiveCfg = Debug|x64
		{5BB7BC0D-F7D2-34D9-9A3B-E2581779D87E}.Release|x64.ActiveCfg = Release|x64
		{B1232C46-4035-3AF5-A3BE-074E8C1E51FD}.Debug|x64.ActiveCfg = Debug|x64
		{B1232C46-4035-3AF5-A3BE-074E8C1E51FD}.Debug|x64.Build.0 = Debug|x64
		{B1232C46-4035-3AF5-A3BE-074E8C1E51FD}.Release|x64.ActiveCfg = Release|x64
		{B1232C46-4035-3AF5-A3BE-074E8C1E51FD}.Release|x64.Build.0 = Release|x64
		{628D62F7-EE0F-3EB7-92DE-731813D030C8}.Debug|x64.ActiveCfg = Debug|x64
		{628D62F7-EE0F-3EB7-92DE-731813D030C8}.Debug|x64.Build.0 = Debug|x64
		{628D62F7-EE0F-3EB7-92DE-731813D030C8}.Release|x64.ActiveCfg = Release|x64
		{628D62F7-EE0F-3EB7-92DE-731813D030C8}.Release|x64.Build.0 = Release|x64
	EndGlobalSection
	GlobalSection(NestedProjects) = preSolution
		{383A15E7-A3C1-38BC-AC75-24BB7CFF7507} = {2C4E6F9B-8E8A-37FE-AD10-86A3CB0CC0A8}
		{B2F80E88-C01E-3580-83B0-80F8D5DC40C6} = {2C4E6F9B-8E8A-37FE-AD10-86A3CB0CC0A8}
		{BFBED37B-1E94-315A-85E9-2BE048D05D1E} = {2C4E6F9B-8E8A-37FE-AD10-86A3CB0CC0A8}
		{BF6DA0B5-B660-3658-8C70-E1D7229E932D} = {2C4E6F9B-8E8A-37FE-AD10-86A3CB0CC0A8}
		{5BB7BC0D-F7D2-34D9-9A3B-E2581779D87E} = {ED757C4E-D3FE-35DB-A60C-C9FE8CFC4CB7}
		{628D62F7-EE0F-3EB7-92DE-731813D030C8} = {1643B5D1-EF7C-3076-A516-B911DAE81BB8}
		{B1232C46-4035-3AF5-A3BE-074E8C1E51FD} = {13176F4E-B30E-36DF-8E1C-9531CA925446}
	EndGlobalSection
	GlobalSection(ExtensibilityGlobals) = postSolution
	EndGlobalSection
	GlobalSection(ExtensibilityAddIns) = postSolution
	EndGlobalSection
EndGlobal
