Microsoft Visual Studio Solution File, Format Version 12.00
# Visual Studio 16
Project("{2150E333-8FDC-42A3-9474-1A3956D46DE8}") = "cmake", "cmake", "{79DE8C2D-6F87-368D-A648-F3754FF40B8A}"
EndProject
Project("{2150E333-8FDC-42A3-9474-1A3956D46DE8}") = "files", "files", "{E90E9979-0052-3CCA-AC23-441D0436E406}"
EndProject
Project("{2150E333-8FDC-42A3-9474-1A3956D46DE8}") = "libs", "libs", "{4EFA756B-1EF3-3D60-A6E7-0B843F927F9A}"
EndProject
Project("{2150E333-8FDC-42A3-9474-1A3956D46DE8}") = "tests", "tests", "{621E4076-26F2-3828-95E8-0D99EDE6A230}"
EndProject
Project("{2150E333-8FDC-42A3-9474-1A3956D46DE8}") = "tools", "tools", "{D58D105C-D625-33CD-82DC-29D0AC3D79F2}"
EndProject
Project("{8BC9CEB8-8B4A-11D0-8D11-00A0C91BC942}") = "ALL_BUILD", "build/ALL_BUILD.vcxproj", "{04503CED-5679-33D1-A258-DF870A513F01}"
	ProjectSection(ProjectDependencies) = postProject
		{5CCC3E22-B27E-3482-B55A-D279E331D678} = {5CCC3E22-B27E-3482-B55A-D279E331D678}
		{BD519770-5FC0-3A86-9703-3C99BD4DDABD} = {BD519770-5FC0-3A86-9703-3C99BD4DDABD}
		{D39AEFAD-291A-3FDA-A755-20908C8914D6} = {D39AEFAD-291A-3FDA-A755-20908C8914D6}
		{333FB7BD-FFA2-3BE0-8325-8E3D3A4F36BA} = {333FB7BD-FFA2-3BE0-8325-8E3D3A4F36BA}
		{71DA1665-13AD-394E-9B34-3152E2D8FE68} = {71DA1665-13AD-394E-9B34-3152E2D8FE68}
		{4F285541-9FA6-372E-8E29-6B3A796F2559} = {4F285541-9FA6-372E-8E29-6B3A796F2559}
	EndProjectSection
EndProject
Project("{8BC9CEB8-8B4A-11D0-8D11-00A0C91BC942}") = "PACKAGE", "build/PACKAGE.vcxproj", "{783161DE-233F-362B-8411-9655C2E944F7}"
	ProjectSection(ProjectDependencies) = postProject
		{04503CED-5679-33D1-A258-DF870A513F01} = {04503CED-5679-33D1-A258-DF870A513F01}
		{5CCC3E22-B27E-3482-B55A-D279E331D678} = {5CCC3E22-B27E-3482-B55A-D279E331D678}
	EndProjectSection
EndProject
Project("{8BC9CEB8-8B4A-11D0-8D11-00A0C91BC942}") = "ZERO_CHECK", "build/ZERO_CHECK.vcxproj", "{5CCC3E22-B27E-3482-B55A-D279E331D678}"
	ProjectSection(ProjectDependencies) = postProject
	EndProjectSection
EndProject
Project("{8BC9CEB8-8B4A-11D0-8D11-00A0C91BC942}") = "about", "build/about.vcxproj", "{BD519770-5FC0-3A86-9703-3C99BD4DDABD}"
	ProjectSection(ProjectDependencies) = postProject
		{5CCC3E22-B27E-3482-B55A-D279E331D678} = {5CCC3E22-B27E-3482-B55A-D279E331D678}
	EndProjectSection
EndProject
Project("{8BC9CEB8-8B4A-11D0-8D11-00A0C91BC942}") = "cli", "build/cli.vcxproj", "{D39AEFAD-291A-3FDA-A755-20908C8914D6}"
	ProjectSection(ProjectDependencies) = postProject
		{5CCC3E22-B27E-3482-B55A-D279E331D678} = {5CCC3E22-B27E-3482-B55A-D279E331D678}
		{333FB7BD-FFA2-3BE0-8325-8E3D3A4F36BA} = {333FB7BD-FFA2-3BE0-8325-8E3D3A4F36BA}
	EndProjectSection
EndProject
Project("{8BC9CEB8-8B4A-11D0-8D11-00A0C91BC942}") = "dimcli", "build/dimcli.vcxproj", "{333FB7BD-FFA2-3BE0-8325-8E3D3A4F36BA}"
	ProjectSection(ProjectDependencies) = postProject
		{5CCC3E22-B27E-3482-B55A-D279E331D678} = {5CCC3E22-B27E-3482-B55A-D279E331D678}
	EndProjectSection
EndProject
Project("{8BC9CEB8-8B4A-11D0-8D11-00A0C91BC942}") = "ostrm", "build/ostrm.vcxproj", "{71DA1665-13AD-394E-9B34-3152E2D8FE68}"
	ProjectSection(ProjectDependencies) = postProject
		{5CCC3E22-B27E-3482-B55A-D279E331D678} = {5CCC3E22-B27E-3482-B55A-D279E331D678}
		{333FB7BD-FFA2-3BE0-8325-8E3D3A4F36BA} = {333FB7BD-FFA2-3BE0-8325-8E3D3A4F36BA}
	EndProjectSection
EndProject
Project("{8BC9CEB8-8B4A-11D0-8D11-00A0C91BC942}") = "perf", "build/perf.vcxproj", "{4F285541-9FA6-372E-8E29-6B3A796F2559}"
	ProjectSection(ProjectDependencies) = postProject
		{5CCC3E22-B27E-3482-B55A-D279E331D678} = {5CCC3E22-B27E-3482-B55A-D279E331D678}
		{333FB7BD-FFA2-3BE0-8325-8E3D3A4F36BA} = {333FB7BD-FFA2-3BE0-8325-8E3D3A4F36BA}
	EndProjectSection
EndProject
Global
	GlobalSection(SolutionConfigurationPlatforms) = preSolution
		Debug|x64 = Debug|x64
		Release|x64 = Release|x64
	EndGlobalSection
	GlobalSection(ProjectConfigurationPlatforms) = postSolution
		{04503CED-5679-33D1-A258-DF870A513F01}.Debug|x64.ActiveCfg = Debug|x64
		{04503CED-5679-33D1-A258-DF870A513F01}.Debug|x64.Build.0 = Debug|x64
		{04503CED-5679-33D1-A258-DF870A513F01}.Release|x64.ActiveCfg = Release|x64
		{04503CED-5679-33D1-A258-DF870A513F01}.Release|x64.Build.0 = Release|x64
		{783161DE-233F-362B-8411-9655C2E944F7}.Debug|x64.ActiveCfg = Debug|x64
		{783161DE-233F-362B-8411-9655C2E944F7}.Release|x64.ActiveCfg = Release|x64
		{5CCC3E22-B27E-3482-B55A-D279E331D678}.Debug|x64.ActiveCfg = Debug|x64
		{5CCC3E22-B27E-3482-B55A-D279E331D678}.Debug|x64.Build.0 = Debug|x64
		{5CCC3E22-B27E-3482-B55A-D279E331D678}.Release|x64.ActiveCfg = Release|x64
		{5CCC3E22-B27E-3482-B55A-D279E331D678}.Release|x64.Build.0 = Release|x64
		{BD519770-5FC0-3A86-9703-3C99BD4DDABD}.Debug|x64.ActiveCfg = Debug|x64
		{BD519770-5FC0-3A86-9703-3C99BD4DDABD}.Debug|x64.Build.0 = Debug|x64
		{BD519770-5FC0-3A86-9703-3C99BD4DDABD}.Release|x64.ActiveCfg = Release|x64
		{BD519770-5FC0-3A86-9703-3C99BD4DDABD}.Release|x64.Build.0 = Release|x64
		{D39AEFAD-291A-3FDA-A755-20908C8914D6}.Debug|x64.ActiveCfg = Debug|x64
		{D39AEFAD-291A-3FDA-A755-20908C8914D6}.Debug|x64.Build.0 = Debug|x64
		{D39AEFAD-291A-3FDA-A755-20908C8914D6}.Release|x64.ActiveCfg = Release|x64
		{D39AEFAD-291A-3FDA-A755-20908C8914D6}.Release|x64.Build.0 = Release|x64
		{333FB7BD-FFA2-3BE0-8325-8E3D3A4F36BA}.Debug|x64.ActiveCfg = Debug|x64
		{333FB7BD-FFA2-3BE0-8325-8E3D3A4F36BA}.Debug|x64.Build.0 = Debug|x64
		{333FB7BD-FFA2-3BE0-8325-8E3D3A4F36BA}.Release|x64.ActiveCfg = Release|x64
		{333FB7BD-FFA2-3BE0-8325-8E3D3A4F36BA}.Release|x64.Build.0 = Release|x64
		{71DA1665-13AD-394E-9B34-3152E2D8FE68}.Debug|x64.ActiveCfg = Debug|x64
		{71DA1665-13AD-394E-9B34-3152E2D8FE68}.Debug|x64.Build.0 = Debug|x64
		{71DA1665-13AD-394E-9B34-3152E2D8FE68}.Release|x64.ActiveCfg = Release|x64
		{71DA1665-13AD-394E-9B34-3152E2D8FE68}.Release|x64.Build.0 = Release|x64
		{4F285541-9FA6-372E-8E29-6B3A796F2559}.Debug|x64.ActiveCfg = Debug|x64
		{4F285541-9FA6-372E-8E29-6B3A796F2559}.Debug|x64.Build.0 = Debug|x64
		{4F285541-9FA6-372E-8E29-6B3A796F2559}.Release|x64.ActiveCfg = Release|x64
		{4F285541-9FA6-372E-8E29-6B3A796F2559}.Release|x64.Build.0 = Release|x64
	EndGlobalSection
	GlobalSection(NestedProjects) = preSolution
		{04503CED-5679-33D1-A258-DF870A513F01} = {79DE8C2D-6F87-368D-A648-F3754FF40B8A}
		{783161DE-233F-362B-8411-9655C2E944F7} = {79DE8C2D-6F87-368D-A648-F3754FF40B8A}
		{5CCC3E22-B27E-3482-B55A-D279E331D678} = {79DE8C2D-6F87-368D-A648-F3754FF40B8A}
		{BD519770-5FC0-3A86-9703-3C99BD4DDABD} = {E90E9979-0052-3CCA-AC23-441D0436E406}
		{333FB7BD-FFA2-3BE0-8325-8E3D3A4F36BA} = {4EFA756B-1EF3-3D60-A6E7-0B843F927F9A}
		{D39AEFAD-291A-3FDA-A755-20908C8914D6} = {621E4076-26F2-3828-95E8-0D99EDE6A230}
		{71DA1665-13AD-394E-9B34-3152E2D8FE68} = {D58D105C-D625-33CD-82DC-29D0AC3D79F2}
		{4F285541-9FA6-372E-8E29-6B3A796F2559} = {D58D105C-D625-33CD-82DC-29D0AC3D79F2}
	EndGlobalSection
	GlobalSection(ExtensibilityGlobals) = postSolution
		SolutionGuid = {900C54E0-9BF1-3586-9F01-76DC5DF270B7}
	EndGlobalSection
	GlobalSection(ExtensibilityAddIns) = postSolution
	EndGlobalSection
EndGlobal
